{
  "name": "auto-marge",
  "version": "0.0.0-development",
  "lockfileVersion": 1,
  "requires": true,
  "dependencies": {
    "@types/raven": {
      "version": "2.5.7",
      "resolved": "https://registry.npmjs.org/@types/raven/-/raven-2.5.7.tgz",
      "integrity": "sha512-27G0xhyFsn/jX5coGihTPlHco/BRe9DrmYaBLajgAnh/cnOStE+g0hXgJ4rml8xtouxSMmOwdYBWInUQrXUHJw==",
      "dev": true,
      "requires": {
        "@types/node": "*"
      },
      "dependencies": {
        "@types/node": {
          "version": "20.8.10",
          "resolved": "https://registry.npmjs.org/@types/node/-/node-20.8.10.tgz",
          "integrity": "sha512-TlgT8JntpcbmKUFzjhsyhGfP2fsiz1Mv56im6enJ905xG1DAYesxJaeSbGqQmAw8OWPdhyJGhGSQGKRNJ45u9w==",
          "dev": true,
          "requires": {
            "undici-types": "~5.26.4"
          }
        }
      }
    },
    "undici-types": {
      "version": "5.26.5",
      "resolved": "https://registry.npmjs.org/undici-types/-/undici-types-5.26.5.tgz",
      "integrity": "sha512-JlCMO+ehdEIKqlFxk6IfVoAUVmgz7cU7zD/h9XZ0qzeosSHmUJVOzSQvvYSYWXkFXC+IfLKSIffhv0sVZup6pA==",
      "dev": true
    }
  }
}
